
Microsoft Visual Studio Solution File, Format Version 12.00
# Visual Studio Version 17
VisualStudioVersion = 17.10.34707.107
MinimumVisualStudioVersion = 10.0.40219.1
Project("{FAE04EC0-301F-11D3-BF4B-00C04F79EFBC}") = "MediaBooking", "MediaBooking\MediaBooking.csproj", "{40AE13E0-CD82-413F-9724-EE61CB9371FF}"
EndProject
Global
	GlobalSection(SolutionConfigurationPlatforms) = preSolution
		Debug|Any CPU = Debug|Any CPU
		Release|Any CPU = Release|Any CPU
	EndGlobalSection
	GlobalSection(ProjectConfigurationPlatforms) = postSolution
		{40AE13E0-CD82-413F-9724-EE61CB9371FF}.Debug|Any CPU.ActiveCfg = Debug|Any CPU
		{40AE13E0-CD82-413F-9724-EE61CB9371FF}.Debug|Any CPU.Build.0 = Debug|Any CPU
		{40AE13E0-CD82-413F-9724-EE61CB9371FF}.Debug|Any CPU.Deploy.0 = Debug|Any CPU
		{40AE13E0-CD82-413F-9724-EE61CB9371FF}.Release|Any CPU.ActiveCfg = Release|Any CPU
		{40AE13E0-CD82-413F-9724-EE61CB9371FF}.Release|Any CPU.Build.0 = Release|Any CPU
		{40AE13E0-CD82-413F-9724-EE61CB9371FF}.Release|Any CPU.Deploy.0 = Release|Any CPU
	EndGlobalSection
	GlobalSection(SolutionProperties) = preSolution
		HideSolutionNode = FALSE
	EndGlobalSection
	GlobalSection(ExtensibilityGlobals) = postSolution
		SolutionGuid = {BD1E51D7-DCC6-4872-A99D-164B245B53D8}
	EndGlobalSection
EndGlobal
